// !$*UTF8*$!
{
	archiveVersion = 1;
	classes = {
	};
	objectVersion = 56;
	objects = {

/* Begin PBXBuildFile section */
		44579AA72B113D09008B440B /* GolfCardConnectApp.swift in Sources */ = {isa = PBXBuildFile; fileRef = 44579AA62B113D09008B440B /* GolfCardConnectApp.swift */; };
		44579AA92B113D09008B440B /* GameView.swift in Sources */ = {isa = PBXBuildFile; fileRef = 44579AA82B113D09008B440B /* GameView.swift */; };
		44579AAB2B113D0B008B440B /* Assets.xcassets in Resources */ = {isa = PBXBuildFile; fileRef = 44579AAA2B113D0B008B440B /* Assets.xcassets */; };
		44579AAE2B113D0B008B440B /* Preview Assets.xcassets in Resources */ = {isa = PBXBuildFile; fileRef = 44579AAD2B113D0B008B440B /* Preview Assets.xcassets */; };
		44579AB82B113D0B008B440B /* GolfCardConnectTests.swift in Sources */ = {isa = PBXBuildFile; fileRef = 44579AB72B113D0B008B440B /* GolfCardConnectTests.swift */; };
		44579AC22B113D0B008B440B /* GolfCardConnectUITests.swift in Sources */ = {isa = PBXBuildFile; fileRef = 44579AC12B113D0B008B440B /* GolfCardConnectUITests.swift */; };
		44579AC42B113D0B008B440B /* GolfCardConnectUITestsLaunchTests.swift in Sources */ = {isa = PBXBuildFile; fileRef = 44579AC32B113D0B008B440B /* GolfCardConnectUITestsLaunchTests.swift */; };
		44579AD12B152F0C008B440B /* StartView.swift in Sources */ = {isa = PBXBuildFile; fileRef = 44579AD02B152F0C008B440B /* StartView.swift */; };
/* End PBXBuildFile section */

/* Begin PBXContainerItemProxy section */
		44579AB42B113D0B008B440B /* PBXContainerItemProxy */ = {
			isa = PBXContainerItemProxy;
			containerPortal = 44579A9B2B113D09008B440B /* Project object */;
			proxyType = 1;
			remoteGlobalIDString = 44579AA22B113D09008B440B;
			remoteInfo = GolfCardConnect;
		};
		44579ABE2B113D0B008B440B /* PBXContainerItemProxy */ = {
			isa = PBXContainerItemProxy;
			containerPortal = 44579A9B2B113D09008B440B /* Project object */;
			proxyType = 1;
			remoteGlobalIDString = 44579AA22B113D09008B440B;
			remoteInfo = GolfCardConnect;
		};
/* End PBXContainerItemProxy section */

/* Begin PBXFileReference section */
		44579AA32B113D09008B440B /* GolfCardConnect.app */ = {isa = PBXFileReference; explicitFileType = wrapper.application; includeInIndex = 0; path = GolfCardConnect.app; sourceTree = BUILT_PRODUCTS_DIR; };
		44579AA62B113D09008B440B /* GolfCardConnectApp.swift */ = {isa = PBXFileReference; lastKnownFileType = sourcecode.swift; path = GolfCardConnectApp.swift; sourceTree = "<group>"; };
		44579AA82B113D09008B440B /* GameView.swift */ = {isa = PBXFileReference; lastKnownFileType = sourcecode.swift; path = GameView.swift; sourceTree = "<group>"; };
		44579AAA2B113D0B008B440B /* Assets.xcassets */ = {isa = PBXFileReference; lastKnownFileType = folder.assetcatalog; path = Assets.xcassets; sourceTree = "<group>"; };
		44579AAD2B113D0B008B440B /* Preview Assets.xcassets */ = {isa = PBXFileReference; lastKnownFileType = folder.assetcatalog; path = "Preview Assets.xcassets"; sourceTree = "<group>"; };
		44579AB32B113D0B008B440B /* GolfCardConnectTests.xctest */ = {isa = PBXFileReference; explicitFileType = wrapper.cfbundle; includeInIndex = 0; path = GolfCardConnectTests.xctest; sourceTree = BUILT_PRODUCTS_DIR; };
		44579AB72B113D0B008B440B /* GolfCardConnectTests.swift */ = {isa = PBXFileReference; lastKnownFileType = sourcecode.swift; path = GolfCardConnectTests.swift; sourceTree = "<group>"; };
		44579ABD2B113D0B008B440B /* GolfCardConnectUITests.xctest */ = {isa = PBXFileReference; explicitFileType = wrapper.cfbundle; includeInIndex = 0; path = GolfCardConnectUITests.xctest; sourceTree = BUILT_PRODUCTS_DIR; };
		44579AC12B113D0B008B440B /* GolfCardConnectUITests.swift */ = {isa = PBXFileReference; lastKnownFileType = sourcecode.swift; path = GolfCardConnectUITests.swift; sourceTree = "<group>"; };
		44579AC32B113D0B008B440B /* GolfCardConnectUITestsLaunchTests.swift */ = {isa = PBXFileReference; lastKnownFileType = sourcecode.swift; path = GolfCardConnectUITestsLaunchTests.swift; sourceTree = "<group>"; };
		44579AD02B152F0C008B440B /* StartView.swift */ = {isa = PBXFileReference; lastKnownFileType = sourcecode.swift; path = StartView.swift; sourceTree = "<group>"; };
/* End PBXFileReference section */

/* Begin PBXFrameworksBuildPhase section */
		44579AA02B113D09008B440B /* Frameworks */ = {
			isa = PBXFrameworksBuildPhase;
			buildActionMask = 2147483647;
			files = (
			);
			runOnlyForDeploymentPostprocessing = 0;
		};
		44579AB02B113D0B008B440B /* Frameworks */ = {
			isa = PBXFrameworksBuildPhase;
			buildActionMask = 2147483647;
			files = (
			);
			runOnlyForDeploymentPostprocessing = 0;
		};
		44579ABA2B113D0B008B440B /* Frameworks */ = {
			isa = PBXFrameworksBuildPhase;
			buildActionMask = 2147483647;
			files = (
			);
			runOnlyForDeploymentPostprocessing = 0;
		};
/* End PBXFrameworksBuildPhase section */

/* Begin PBXGroup section */
		44579A9A2B113D09008B440B = {
			isa = PBXGroup;
			children = (
				44579AA52B113D09008B440B /* GolfCardConnect */,
				44579AB62B113D0B008B440B /* GolfCardConnectTests */,
				44579AC02B113D0B008B440B /* GolfCardConnectUITests */,
				44579AA42B113D09008B440B /* Products */,
			);
			sourceTree = "<group>";
		};
		44579AA42B113D09008B440B /* Products */ = {
			isa = PBXGroup;
			children = (
				44579AA32B113D09008B440B /* GolfCardConnect.app */,
				44579AB32B113D0B008B440B /* GolfCardConnectTests.xctest */,
				44579ABD2B113D0B008B440B /* GolfCardConnectUITests.xctest */,
			);
			name = Products;
			sourceTree = "<group>";
		};
		44579AA52B113D09008B440B /* GolfCardConnect */ = {
			isa = PBXGroup;
			children = (
				44579AD02B152F0C008B440B /* StartView.swift */,
				44579AA62B113D09008B440B /* GolfCardConnectApp.swift */,
				44579AA82B113D09008B440B /* GameView.swift */,
				44579AAA2B113D0B008B440B /* Assets.xcassets */,
				44579AAC2B113D0B008B440B /* Preview Content */,
			);
			path = GolfCardConnect;
			sourceTree = "<group>";
		};
		44579AAC2B113D0B008B440B /* Preview Content */ = {
			isa = PBXGroup;
			children = (
				44579AAD2B113D0B008B440B /* Preview Assets.xcassets */,
			);
			path = "Preview Content";
			sourceTree = "<group>";
		};
		44579AB62B113D0B008B440B /* GolfCardConnectTests */ = {
			isa = PBXGroup;
			children = (
				44579AB72B113D0B008B440B /* GolfCardConnectTests.swift */,
			);
			path = GolfCardConnectTests;
			sourceTree = "<group>";
		};
		44579AC02B113D0B008B440B /* GolfCardConnectUITests */ = {
			isa = PBXGroup;
			children = (
				44579AC12B113D0B008B440B /* GolfCardConnectUITests.swift */,
				44579AC32B113D0B008B440B /* GolfCardConnectUITestsLaunchTests.swift */,
			);
			path = GolfCardConnectUITests;
			sourceTree = "<group>";
		};
/* End PBXGroup section */

/* Begin PBXNativeTarget section */
		44579AA22B113D09008B440B /* GolfCardConnect */ = {
			isa = PBXNativeTarget;
			buildConfigurationList = 44579AC72B113D0B008B440B /* Build configuration list for PBXNativeTarget "GolfCardConnect" */;
			buildPhases = (
				44579A9F2B113D09008B440B /* Sources */,
				44579AA02B113D09008B440B /* Frameworks */,
				44579AA12B113D09008B440B /* Resources */,
			);
			buildRules = (
			);
			dependencies = (
			);
			name = GolfCardConnect;
			productName = GolfCardConnect;
			productReference = 44579AA32B113D09008B440B /* GolfCardConnect.app */;
			productType = "com.apple.product-type.application";
		};
		44579AB22B113D0B008B440B /* GolfCardConnectTests */ = {
			isa = PBXNativeTarget;
			buildConfigurationList = 44579ACA2B113D0B008B440B /* Build configuration list for PBXNativeTarget "GolfCardConnectTests" */;
			buildPhases = (
				44579AAF2B113D0B008B440B /* Sources */,
				44579AB02B113D0B008B440B /* Frameworks */,
				44579AB12B113D0B008B440B /* Resources */,
			);
			buildRules = (
			);
			dependencies = (
				44579AB52B113D0B008B440B /* PBXTargetDependency */,
			);
			name = GolfCardConnectTests;
			productName = GolfCardConnectTests;
			productReference = 44579AB32B113D0B008B440B /* GolfCardConnectTests.xctest */;
			productType = "com.apple.product-type.bundle.unit-test";
		};
		44579ABC2B113D0B008B440B /* GolfCardConnectUITests */ = {
			isa = PBXNativeTarget;
			buildConfigurationList = 44579ACD2B113D0B008B440B /* Build configuration list for PBXNativeTarget "GolfCardConnectUITests" */;
			buildPhases = (
				44579AB92B113D0B008B440B /* Sources */,
				44579ABA2B113D0B008B440B /* Frameworks */,
				44579ABB2B113D0B008B440B /* Resources */,
			);
			buildRules = (
			);
			dependencies = (
				44579ABF2B113D0B008B440B /* PBXTargetDependency */,
			);
			name = GolfCardConnectUITests;
			productName = GolfCardConnectUITests;
			productReference = 44579ABD2B113D0B008B440B /* GolfCardConnectUITests.xctest */;
			productType = "com.apple.product-type.bundle.ui-testing";
		};
/* End PBXNativeTarget section */

/* Begin PBXProject section */
		44579A9B2B113D09008B440B /* Project object */ = {
			isa = PBXProject;
			attributes = {
				BuildIndependentTargetsInParallel = 1;
				LastSwiftUpdateCheck = 1500;
				LastUpgradeCheck = 1500;
				TargetAttributes = {
					44579AA22B113D09008B440B = {
						CreatedOnToolsVersion = 15.0.1;
					};
					44579AB22B113D0B008B440B = {
						CreatedOnToolsVersion = 15.0.1;
						TestTargetID = 44579AA22B113D09008B440B;
					};
					44579ABC2B113D0B008B440B = {
						CreatedOnToolsVersion = 15.0.1;
						TestTargetID = 44579AA22B113D09008B440B;
					};
				};
			};
			buildConfigurationList = 44579A9E2B113D09008B440B /* Build configuration list for PBXProject "GolfCardConnect" */;
			compatibilityVersion = "Xcode 14.0";
			developmentRegion = en;
			hasScannedForEncodings = 0;
			knownRegions = (
				en,
				Base,
			);
			mainGroup = 44579A9A2B113D09008B440B;
			productRefGroup = 44579AA42B113D09008B440B /* Products */;
			projectDirPath = "";
			projectRoot = "";
			targets = (
				44579AA22B113D09008B440B /* GolfCardConnect */,
				44579AB22B113D0B008B440B /* GolfCardConnectTests */,
				44579ABC2B113D0B008B440B /* GolfCardConnectUITests */,
			);
		};
/* End PBXProject section */

/* Begin PBXResourcesBuildPhase section */
		44579AA12B113D09008B440B /* Resources */ = {
			isa = PBXResourcesBuildPhase;
			buildActionMask = 2147483647;
			files = (
				44579AAE2B113D0B008B440B /* Preview Assets.xcassets in Resources */,
				44579AAB2B113D0B008B440B /* Assets.xcassets in Resources */,
			);
			runOnlyForDeploymentPostprocessing = 0;
		};
		44579AB12B113D0B008B440B /* Resources */ = {
			isa = PBXResourcesBuildPhase;
			buildActionMask = 2147483647;
			files = (
			);
			runOnlyForDeploymentPostprocessing = 0;
		};
		44579ABB2B113D0B008B440B /* Resources */ = {
			isa = PBXResourcesBuildPhase;
			buildActionMask = 2147483647;
			files = (
			);
			runOnlyForDeploymentPostprocessing = 0;
		};
/* End PBXResourcesBuildPhase section */

/* Begin PBXSourcesBuildPhase section */
		44579A9F2B113D09008B440B /* Sources */ = {
			isa = PBXSourcesBuildPhase;
			buildActionMask = 2147483647;
			files = (
				44579AD12B152F0C008B440B /* StartView.swift in Sources */,
				44579AA92B113D09008B440B /* GameView.swift in Sources */,
				44579AA72B113D09008B440B /* GolfCardConnectApp.swift in Sources */,
			);
			runOnlyForDeploymentPostprocessing = 0;
		};
		44579AAF2B113D0B008B440B /* Sources */ = {
			isa = PBXSourcesBuildPhase;
			buildActionMask = 2147483647;
			files = (
				44579AB82B113D0B008B440B /* GolfCardConnectTests.swift in Sources */,
			);
			runOnlyForDeploymentPostprocessing = 0;
		};
		44579AB92B113D0B008B440B /* Sources */ = {
			isa = PBXSourcesBuildPhase;
			buildActionMask = 2147483647;
			files = (
				44579AC22B113D0B008B440B /* GolfCardConnectUITests.swift in Sources */,
				44579AC42B113D0B008B440B /* GolfCardConnectUITestsLaunchTests.swift in Sources */,
			);
			runOnlyForDeploymentPostprocessing = 0;
		};
/* End PBXSourcesBuildPhase section */

/* Begin PBXTargetDependency section */
		44579AB52B113D0B008B440B /* PBXTargetDependency */ = {
			isa = PBXTargetDependency;
			target = 44579AA22B113D09008B440B /* GolfCardConnect */;
			targetProxy = 44579AB42B113D0B008B440B /* PBXContainerItemProxy */;
		};
		44579ABF2B113D0B008B440B /* PBXTargetDependency */ = {
			isa = PBXTargetDependency;
			target = 44579AA22B113D09008B440B /* GolfCardConnect */;
			targetProxy = 44579ABE2B113D0B008B440B /* PBXContainerItemProxy */;
		};
/* End PBXTargetDependency section */

/* Begin XCBuildConfiguration section */
		44579AC52B113D0B008B440B /* Debug */ = {
			isa = XCBuildConfiguration;
			buildSettings = {
				ALWAYS_SEARCH_USER_PATHS = NO;
				ASSETCATALOG_COMPILER_GENERATE_SWIFT_ASSET_SYMBOL_EXTENSIONS = YES;
				CLANG_ANALYZER_NONNULL = YES;
				CLANG_ANALYZER_NUMBER_OBJECT_CONVERSION = YES_AGGRESSIVE;
				CLANG_CXX_LANGUAGE_STANDARD = "gnu++20";
				CLANG_ENABLE_MODULES = YES;
				CLANG_ENABLE_OBJC_ARC = YES;
				CLANG_ENABLE_OBJC_WEAK = YES;
				CLANG_WARN_BLOCK_CAPTURE_AUTORELEASING = YES;
				CLANG_WARN_BOOL_CONVERSION = YES;
				CLANG_WARN_COMMA = YES;
				CLANG_WARN_CONSTANT_CONVERSION = YES;
				CLANG_WARN_DEPRECATED_OBJC_IMPLEMENTATIONS = YES;
				CLANG_WARN_DIRECT_OBJC_ISA_USAGE = YES_ERROR;
				CLANG_WARN_DOCUMENTATION_COMMENTS = YES;
				CLANG_WARN_EMPTY_BODY = YES;
				CLANG_WARN_ENUM_CONVERSION = YES;
				CLANG_WARN_INFINITE_RECURSION = YES;
				CLANG_WARN_INT_CONVERSION = YES;
				CLANG_WARN_NON_LITERAL_NULL_CONVERSION = YES;
				CLANG_WARN_OBJC_IMPLICIT_RETAIN_SELF = YES;
				CLANG_WARN_OBJC_LITERAL_CONVERSION = YES;
				CLANG_WARN_OBJC_ROOT_CLASS = YES_ERROR;
				CLANG_WARN_QUOTED_INCLUDE_IN_FRAMEWORK_HEADER = YES;
				CLANG_WARN_RANGE_LOOP_ANALYSIS = YES;
				CLANG_WARN_STRICT_PROTOTYPES = YES;
				CLANG_WARN_SUSPICIOUS_MOVE = YES;
				CLANG_WARN_UNGUARDED_AVAILABILITY = YES_AGGRESSIVE;
				CLANG_WARN_UNREACHABLE_CODE = YES;
				CLANG_WARN__DUPLICATE_METHOD_MATCH = YES;
				COPY_PHASE_STRIP = NO;
				DEBUG_INFORMATION_FORMAT = dwarf;
				ENABLE_STRICT_OBJC_MSGSEND = YES;
				ENABLE_TESTABILITY = YES;
				ENABLE_USER_SCRIPT_SANDBOXING = YES;
				GCC_C_LANGUAGE_STANDARD = gnu17;
				GCC_DYNAMIC_NO_PIC = NO;
				GCC_NO_COMMON_BLOCKS = YES;
				GCC_OPTIMIZATION_LEVEL = 0;
				GCC_PREPROCESSOR_DEFINITIONS = (
					"DEBUG=1",
					"$(inherited)",
				);
				GCC_WARN_64_TO_32_BIT_CONVERSION = YES;
				GCC_WARN_ABOUT_RETURN_TYPE = YES_ERROR;
				GCC_WARN_UNDECLARED_SELECTOR = YES;
				GCC_WARN_UNINITIALIZED_AUTOS = YES_AGGRESSIVE;
				GCC_WARN_UNUSED_FUNCTION = YES;
				GCC_WARN_UNUSED_VARIABLE = YES;
				IPHONEOS_DEPLOYMENT_TARGET = 17.0;
				LOCALIZATION_PREFERS_STRING_CATALOGS = YES;
				MTL_ENABLE_DEBUG_INFO = INCLUDE_SOURCE;
				MTL_FAST_MATH = YES;
				ONLY_ACTIVE_ARCH = YES;
				SDKROOT = iphoneos;
				SWIFT_ACTIVE_COMPILATION_CONDITIONS = "DEBUG $(inherited)";
				SWIFT_OPTIMIZATION_LEVEL = "-Onone";
			};
			name = Debug;
		};
		44579AC62B113D0B008B440B /* Release */ = {
			isa = XCBuildConfiguration;
			buildSettings = {
				ALWAYS_SEARCH_USER_PATHS = NO;
				ASSETCATALOG_COMPILER_GENERATE_SWIFT_ASSET_SYMBOL_EXTENSIONS = YES;
				CLANG_ANALYZER_NONNULL = YES;
				CLANG_ANALYZER_NUMBER_OBJECT_CONVERSION = YES_AGGRESSIVE;
				CLANG_CXX_LANGUAGE_STANDARD = "gnu++20";
				CLANG_ENABLE_MODULES = YES;
				CLANG_ENABLE_OBJC_ARC = YES;
				CLANG_ENABLE_OBJC_WEAK = YES;
				CLANG_WARN_BLOCK_CAPTURE_AUTORELEASING = YES;
				CLANG_WARN_BOOL_CONVERSION = YES;
				CLANG_WARN_COMMA = YES;
				CLANG_WARN_CONSTANT_CONVERSION = YES;
				CLANG_WARN_DEPRECATED_OBJC_IMPLEMENTATIONS = YES;
				CLANG_WARN_DIRECT_OBJC_ISA_USAGE = YES_ERROR;
				CLANG_WARN_DOCUMENTATION_COMMENTS = YES;
				CLANG_WARN_EMPTY_BODY = YES;
				CLANG_WARN_ENUM_CONVERSION = YES;
				CLANG_WARN_INFINITE_RECURSION = YES;
				CLANG_WARN_INT_CONVERSION = YES;
				CLANG_WARN_NON_LITERAL_NULL_CONVERSION = YES;
				CLANG_WARN_OBJC_IMPLICIT_RETAIN_SELF = YES;
				CLANG_WARN_OBJC_LITERAL_CONVERSION = YES;
				CLANG_WARN_OBJC_ROOT_CLASS = YES_ERROR;
				CLANG_WARN_QUOTED_INCLUDE_IN_FRAMEWORK_HEADER = YES;
				CLANG_WARN_RANGE_LOOP_ANALYSIS = YES;
				CLANG_WARN_STRICT_PROTOTYPES = YES;
				CLANG_WARN_SUSPICIOUS_MOVE = YES;
				CLANG_WARN_UNGUARDED_AVAILABILITY = YES_AGGRESSIVE;
				CLANG_WARN_UNREACHABLE_CODE = YES;
				CLANG_WARN__DUPLICATE_METHOD_MATCH = YES;
				COPY_PHASE_STRIP = NO;
				DEBUG_INFORMATION_FORMAT = "dwarf-with-dsym";
				ENABLE_NS_ASSERTIONS = NO;
				ENABLE_STRICT_OBJC_MSGSEND = YES;
				ENABLE_USER_SCRIPT_SANDBOXING = YES;
				GCC_C_LANGUAGE_STANDARD = gnu17;
				GCC_NO_COMMON_BLOCKS = YES;
				GCC_WARN_64_TO_32_BIT_CONVERSION = YES;
				GCC_WARN_ABOUT_RETURN_TYPE = YES_ERROR;
				GCC_WARN_UNDECLARED_SELECTOR = YES;
				GCC_WARN_UNINITIALIZED_AUTOS = YES_AGGRESSIVE;
				GCC_WARN_UNUSED_FUNCTION = YES;
				GCC_WARN_UNUSED_VARIABLE = YES;
				IPHONEOS_DEPLOYMENT_TARGET = 17.0;
				LOCALIZATION_PREFERS_STRING_CATALOGS = YES;
				MTL_ENABLE_DEBUG_INFO = NO;
				MTL_FAST_MATH = YES;
				SDKROOT = iphoneos;
				SWIFT_COMPILATION_MODE = wholemodule;
				VALIDATE_PRODUCT = YES;
			};
			name = Release;
		};
		44579AC82B113D0B008B440B /* Debug */ = {
			isa = XCBuildConfiguration;
			buildSettings = {
				ASSETCATALOG_COMPILER_APPICON_NAME = AppIcon;
				ASSETCATALOG_COMPILER_GLOBAL_ACCENT_COLOR_NAME = AccentColor;
				CODE_SIGN_STYLE = Automatic;
				CURRENT_PROJECT_VERSION = 1;
				DEVELOPMENT_ASSET_PATHS = "\"GolfCardConnect/Preview Content\"";
				ENABLE_PREVIEWS = YES;
				GENERATE_INFOPLIST_FILE = YES;
				INFOPLIST_KEY_UIApplicationSceneManifest_Generation = YES;
				INFOPLIST_KEY_UIApplicationSupportsIndirectInputEvents = YES;
				INFOPLIST_KEY_UILaunchScreen_Generation = YES;
				INFOPLIST_KEY_UISupportedInterfaceOrientations_iPad = "UIInterfaceOrientationPortrait UIInterfaceOrientationPortraitUpsideDown UIInterfaceOrientationLandscapeLeft UIInterfaceOrientationLandscapeRight";
				INFOPLIST_KEY_UISupportedInterfaceOrientations_iPhone = "UIInterfaceOrientationPortrait UIInterfaceOrientationLandscapeLeft UIInterfaceOrientationLandscapeRight";
				LD_RUNPATH_SEARCH_PATHS = (
					"$(inherited)",
					"@executable_path/Frameworks",
				);
				MARKETING_VERSION = 1.0;
				PRODUCT_BUNDLE_IDENTIFIER = MattDev.GolfCardConnect;
				PRODUCT_NAME = "$(TARGET_NAME)";
				SWIFT_EMIT_LOC_STRINGS = YES;
				SWIFT_VERSION = 5.0;
				TARGETED_DEVICE_FAMILY = "1,2";
			};
			name = Debug;
		};
		44579AC92B113D0B008B440B /* Release */ = {
			isa = XCBuildConfiguration;
			buildSettings = {
				ASSETCATALOG_COMPILER_APPICON_NAME = AppIcon;
				ASSETCATALOG_COMPILER_GLOBAL_ACCENT_COLOR_NAME = AccentColor;
				CODE_SIGN_STYLE = Automatic;
				CURRENT_PROJECT_VERSION = 1;
				DEVELOPMENT_ASSET_PATHS = "\"GolfCardConnect/Preview Content\"";
				ENABLE_PREVIEWS = YES;
				GENERATE_INFOPLIST_FILE = YES;
				INFOPLIST_KEY_UIApplicationSceneManifest_Generation = YES;
				INFOPLIST_KEY_UIApplicationSupportsIndirectInputEvents = YES;
				INFOPLIST_KEY_UILaunchScreen_Generation = YES;
				INFOPLIST_KEY_UISupportedInterfaceOrientations_iPad = "UIInterfaceOrientationPortrait UIInterfaceOrientationPortraitUpsideDown UIInterfaceOrientationLandscapeLeft UIInterfaceOrientationLandscapeRight";
				INFOPLIST_KEY_UISupportedInterfaceOrientations_iPhone = "UIInterfaceOrientationPortrait UIInterfaceOrientationLandscapeLeft UIInterfaceOrientationLandscapeRight";
				LD_RUNPATH_SEARCH_PATHS = (
					"$(inherited)",
					"@executable_path/Frameworks",
				);
				MARKETING_VERSION = 1.0;
				PRODUCT_BUNDLE_IDENTIFIER = MattDev.GolfCardConnect;
				PRODUCT_NAME = "$(TARGET_NAME)";
				SWIFT_EMIT_LOC_STRINGS = YES;
				SWIFT_VERSION = 5.0;
				TARGETED_DEVICE_FAMILY = "1,2";
			};
			name = Release;
		};
		44579ACB2B113D0B008B440B /* Debug */ = {
			isa = XCBuildConfiguration;
			buildSettings = {
				ALWAYS_EMBED_SWIFT_STANDARD_LIBRARIES = YES;
				BUNDLE_LOADER = "$(TEST_HOST)";
				CODE_SIGN_STYLE = Automatic;
				CURRENT_PROJECT_VERSION = 1;
				GENERATE_INFOPLIST_FILE = YES;
				IPHONEOS_DEPLOYMENT_TARGET = 17.0;
				MARKETING_VERSION = 1.0;
				PRODUCT_BUNDLE_IDENTIFIER = MattDev.GolfCardConnectTests;
				PRODUCT_NAME = "$(TARGET_NAME)";
				SWIFT_EMIT_LOC_STRINGS = NO;
				SWIFT_VERSION = 5.0;
				TARGETED_DEVICE_FAMILY = "1,2";
				TEST_HOST = "$(BUILT_PRODUCTS_DIR)/GolfCardConnect.app/$(BUNDLE_EXECUTABLE_FOLDER_PATH)/GolfCardConnect";
			};
			name = Debug;
		};
		44579ACC2B113D0B008B440B /* Release */ = {
			isa = XCBuildConfiguration;
			buildSettings = {
				ALWAYS_EMBED_SWIFT_STANDARD_LIBRARIES = YES;
				BUNDLE_LOADER = "$(TEST_HOST)";
				CODE_SIGN_STYLE = Automatic;
				CURRENT_PROJECT_VERSION = 1;
				GENERATE_INFOPLIST_FILE = YES;
				IPHONEOS_DEPLOYMENT_TARGET = 17.0;
				MARKETING_VERSION = 1.0;
				PRODUCT_BUNDLE_IDENTIFIER = MattDev.GolfCardConnectTests;
				PRODUCT_NAME = "$(TARGET_NAME)";
				SWIFT_EMIT_LOC_STRINGS = NO;
				SWIFT_VERSION = 5.0;
				TARGETED_DEVICE_FAMILY = "1,2";
				TEST_HOST = "$(BUILT_PRODUCTS_DIR)/GolfCardConnect.app/$(BUNDLE_EXECUTABLE_FOLDER_PATH)/GolfCardConnect";
			};
			name = Release;
		};
		44579ACE2B113D0B008B440B /* Debug */ = {
			isa = XCBuildConfiguration;
			buildSettings = {
				ALWAYS_EMBED_SWIFT_STANDARD_LIBRARIES = YES;
				CODE_SIGN_STYLE = Automatic;
				CURRENT_PROJECT_VERSION = 1;
				GENERATE_INFOPLIST_FILE = YES;
				MARKETING_VERSION = 1.0;
				PRODUCT_BUNDLE_IDENTIFIER = MattDev.GolfCardConnectUITests;
				PRODUCT_NAME = "$(TARGET_NAME)";
				SWIFT_EMIT_LOC_STRINGS = NO;
				SWIFT_VERSION = 5.0;
				TARGETED_DEVICE_FAMILY = "1,2";
				TEST_TARGET_NAME = GolfCardConnect;
			};
			name = Debug;
		};
		44579ACF2B113D0B008B440B /* Release */ = {
			isa = XCBuildConfiguration;
			buildSettings = {
				ALWAYS_EMBED_SWIFT_STANDARD_LIBRARIES = YES;
				CODE_SIGN_STYLE = Automatic;
				CURRENT_PROJECT_VERSION = 1;
				GENERATE_INFOPLIST_FILE = YES;
				MARKETING_VERSION = 1.0;
				PRODUCT_BUNDLE_IDENTIFIER = MattDev.GolfCardConnectUITests;
				PRODUCT_NAME = "$(TARGET_NAME)";
				SWIFT_EMIT_LOC_STRINGS = NO;
				SWIFT_VERSION = 5.0;
				TARGETED_DEVICE_FAMILY = "1,2";
				TEST_TARGET_NAME = GolfCardConnect;
			};
			name = Release;
		};
/* End XCBuildConfiguration section */

/* Begin XCConfigurationList section */
		44579A9E2B113D09008B440B /* Build configuration list for PBXProject "GolfCardConnect" */ = {
			isa = XCConfigurationList;
			buildConfigurations = (
				44579AC52B113D0B008B440B /* Debug */,
				44579AC62B113D0B008B440B /* Release */,
			);
			defaultConfigurationIsVisible = 0;
			defaultConfigurationName = Release;
		};
		44579AC72B113D0B008B440B /* Build configuration list for PBXNativeTarget "GolfCardConnect" */ = {
			isa = XCConfigurationList;
			buildConfigurations = (
				44579AC82B113D0B008B440B /* Debug */,
				44579AC92B113D0B008B440B /* Release */,
			);
			defaultConfigurationIsVisible = 0;
			defaultConfigurationName = Release;
		};
		44579ACA2B113D0B008B440B /* Build configuration list for PBXNativeTarget "GolfCardConnectTests" */ = {
			isa = XCConfigurationList;
			buildConfigurations = (
				44579ACB2B113D0B008B440B /* Debug */,
				44579ACC2B113D0B008B440B /* Release */,
			);
			defaultConfigurationIsVisible = 0;
			defaultConfigurationName = Release;
		};
		44579ACD2B113D0B008B440B /* Build configuration list for PBXNativeTarget "GolfCardConnectUITests" */ = {
			isa = XCConfigurationList;
			buildConfigurations = (
				44579ACE2B113D0B008B440B /* Debug */,
				44579ACF2B113D0B008B440B /* Release */,
			);
			defaultConfigurationIsVisible = 0;
			defaultConfigurationName = Release;
		};
/* End XCConfigurationList section */
	};
	rootObject = 44579A9B2B113D09008B440B /* Project object */;
}
